{
  "version": 4,
  "terraform_version": "1.2.4",
  "serial": 734,
  "lineage": "c9412d7b-7561-46da-cc20-0bd48e64e445",
  "outputs": {},
  "resources": [
    {
      "module": "module.vpc",
      "mode": "managed",
      "type": "aws_vpc",
      "name": "eks_vpc",
      "provider": "module.vpc.provider[\"registry.terraform.io/hashicorp/aws\"]",
      "instances": [
        {
          "schema_version": 1,
          "attributes": {
            "arn": "arn:aws:ec2:ap-southeast-1:972111001561:vpc/vpc-0f351b612a4792d1a",
            "assign_generated_ipv6_cidr_block": false,
            "cidr_block": "10.0.0.0/16",
            "default_network_acl_id": "acl-0413a3cff57e73a06",
            "default_route_table_id": "rtb-0dbf466b676ff7368",
            "default_security_group_id": "sg-03b83af2098129080",
            "dhcp_options_id": "dopt-02ce063f3b5bf5533",
            "enable_classiclink": false,
            "enable_classiclink_dns_support": false,
            "enable_dns_hostnames": false,
            "enable_dns_support": true,
            "id": "vpc-0f351b612a4792d1a",
            "instance_tenancy": "default",
            "ipv4_ipam_pool_id": null,
            "ipv4_netmask_length": null,
            "ipv6_association_id": "",
            "ipv6_cidr_block": "",
            "ipv6_cidr_block_network_border_group": "",
            "ipv6_ipam_pool_id": "",
            "ipv6_netmask_length": 0,
            "main_route_table_id": "rtb-0dbf466b676ff7368",
            "owner_id": "972111001561",
            "tags": {
              "Name": "EKS VPC"
            },
            "tags_all": {
              "Name": "EKS VPC"
            }
          },
          "sensitive_attributes": [],
          "private": "eyJzY2hlbWFfdmVyc2lvbiI6IjEifQ=="
        }
      ]
    }
  ]
}
